// !$*UTF8*$!
{
	archiveVersion = 1;
	classes = {
	};
	objectVersion = 46;
	objects = {

/* Begin PBXBuildFile section */
		7A01AF291EF733D200AC701C /* AppDelegate.swift in Sources */ = {isa = PBXBuildFile; fileRef = 7A01AF281EF733D200AC701C /* AppDelegate.swift */; };
		7A01AF2B1EF733D200AC701C /* ActivityViewController.swift in Sources */ = {isa = PBXBuildFile; fileRef = 7A01AF2A1EF733D200AC701C /* ActivityViewController.swift */; };
		7A01AF2E1EF733D200AC701C /* Main.storyboard in Resources */ = {isa = PBXBuildFile; fileRef = 7A01AF2C1EF733D200AC701C /* Main.storyboard */; };
		7A01AF301EF733D200AC701C /* Assets.xcassets in Resources */ = {isa = PBXBuildFile; fileRef = 7A01AF2F1EF733D200AC701C /* Assets.xcassets */; };
		7A01AF331EF733D200AC701C /* LaunchScreen.storyboard in Resources */ = {isa = PBXBuildFile; fileRef = 7A01AF311EF733D200AC701C /* LaunchScreen.storyboard */; };
		7A33990C1F170E93009B07AA /* ReviewViewDataSource.swift in Sources */ = {isa = PBXBuildFile; fileRef = 7A33990B1F170E93009B07AA /* ReviewViewDataSource.swift */; };
		7A33990E1F1715C7009B07AA /* FriendPaymentDetailViewModel.swift in Sources */ = {isa = PBXBuildFile; fileRef = 7A33990D1F1715C7009B07AA /* FriendPaymentDetailViewModel.swift */; };
		7A3399101F1733CC009B07AA /* Helper.swift in Sources */ = {isa = PBXBuildFile; fileRef = 7A33990F1F1733CC009B07AA /* Helper.swift */; };
		7A3DACB51F16787500A2AB14 /* FriendItemsTableViewCell.swift in Sources */ = {isa = PBXBuildFile; fileRef = 7A3DACB41F16787500A2AB14 /* FriendItemsTableViewCell.swift */; };
		7A3DACB71F16790100A2AB14 /* ReviewViewController.swift in Sources */ = {isa = PBXBuildFile; fileRef = 7A3DACB61F16790100A2AB14 /* ReviewViewController.swift */; };
		7ACA11981EF76700007ED13D /* ActivityDataSource.swift in Sources */ = {isa = PBXBuildFile; fileRef = 7ACA11971EF76700007ED13D /* ActivityDataSource.swift */; };
		7ACA119A1EF76763007ED13D /* ActivityViewModel.swift in Sources */ = {isa = PBXBuildFile; fileRef = 7ACA11991EF76763007ED13D /* ActivityViewModel.swift */; };
		7ACA119D1EF7678C007ED13D /* Activity.swift in Sources */ = {isa = PBXBuildFile; fileRef = 7ACA119C1EF7678C007ED13D /* Activity.swift */; };
		7ACA119F1EF78833007ED13D /* Person.swift in Sources */ = {isa = PBXBuildFile; fileRef = 7ACA119E1EF78833007ED13D /* Person.swift */; };
		CE06EA751EFF82D20051D8D8 /* AddRecipientsViewController.swift in Sources */ = {isa = PBXBuildFile; fileRef = CE06EA741EFF82D20051D8D8 /* AddRecipientsViewController.swift */; };
		CE06EA771EFF8B5D0051D8D8 /* AddRecipientsDataSourceDelegate.swift in Sources */ = {isa = PBXBuildFile; fileRef = CE06EA761EFF8B5D0051D8D8 /* AddRecipientsDataSourceDelegate.swift */; };
		CE06EA791EFF8C860051D8D8 /* FriendTableCell.swift in Sources */ = {isa = PBXBuildFile; fileRef = CE06EA781EFF8C860051D8D8 /* FriendTableCell.swift */; };
		CE06EA7B1EFF8F760051D8D8 /* AddRecipientsViewModel.swift in Sources */ = {isa = PBXBuildFile; fileRef = CE06EA7A1EFF8F760051D8D8 /* AddRecipientsViewModel.swift */; };
		CE06EA7D1F002DFB0051D8D8 /* TakePhotoViewController.swift in Sources */ = {isa = PBXBuildFile; fileRef = CE06EA7C1F002DFB0051D8D8 /* TakePhotoViewController.swift */; };
		CE1D5F9F1F09AB540074AE0C /* ItemFriendBindingViewController.swift in Sources */ = {isa = PBXBuildFile; fileRef = CE1D5F9E1F09AB540074AE0C /* ItemFriendBindingViewController.swift */; };
		CE1D5FA11F09AB980074AE0C /* ItemFriendBindingDataSourceDelegate.swift in Sources */ = {isa = PBXBuildFile; fileRef = CE1D5FA01F09AB980074AE0C /* ItemFriendBindingDataSourceDelegate.swift */; };
		CE1D5FA51F09AC680074AE0C /* ReceiptViewModel.swift in Sources */ = {isa = PBXBuildFile; fileRef = CE1D5FA41F09AC680074AE0C /* ReceiptViewModel.swift */; };
		CE1D5FA71F09BD060074AE0C /* Receipt.swift in Sources */ = {isa = PBXBuildFile; fileRef = CE1D5FA61F09BD060074AE0C /* Receipt.swift */; };
		CEACC7AA1F0B06BB00D34C06 /* ItemTableViewCell.swift in Sources */ = {isa = PBXBuildFile; fileRef = CEACC7A91F0B06BB00D34C06 /* ItemTableViewCell.swift */; };
		CEC651161EFF6E0A00161D23 /* ActivityTableCell.swift in Sources */ = {isa = PBXBuildFile; fileRef = CEC651151EFF6E0A00161D23 /* ActivityTableCell.swift */; };
		CED8DB921F0C35B10089542E /* FriendCollectionViewCell.swift in Sources */ = {isa = PBXBuildFile; fileRef = CED8DB911F0C35B10089542E /* FriendCollectionViewCell.swift */; };
/* End PBXBuildFile section */

/* Begin PBXFileReference section */
		7A01AF251EF733D200AC701C /* DineOut.app */ = {isa = PBXFileReference; explicitFileType = wrapper.application; includeInIndex = 0; path = DineOut.app; sourceTree = BUILT_PRODUCTS_DIR; };
		7A01AF281EF733D200AC701C /* AppDelegate.swift */ = {isa = PBXFileReference; lastKnownFileType = sourcecode.swift; path = AppDelegate.swift; sourceTree = "<group>"; };
		7A01AF2A1EF733D200AC701C /* ActivityViewController.swift */ = {isa = PBXFileReference; lastKnownFileType = sourcecode.swift; path = ActivityViewController.swift; sourceTree = "<group>"; };
		7A01AF2D1EF733D200AC701C /* Base */ = {isa = PBXFileReference; lastKnownFileType = file.storyboard; name = Base; path = Base.lproj/Main.storyboard; sourceTree = "<group>"; };
		7A01AF2F1EF733D200AC701C /* Assets.xcassets */ = {isa = PBXFileReference; lastKnownFileType = folder.assetcatalog; path = Assets.xcassets; sourceTree = "<group>"; };
		7A01AF321EF733D200AC701C /* Base */ = {isa = PBXFileReference; lastKnownFileType = file.storyboard; name = Base; path = Base.lproj/LaunchScreen.storyboard; sourceTree = "<group>"; };
		7A01AF341EF733D200AC701C /* Info.plist */ = {isa = PBXFileReference; lastKnownFileType = text.plist.xml; path = Info.plist; sourceTree = "<group>"; };
		7A33990B1F170E93009B07AA /* ReviewViewDataSource.swift */ = {isa = PBXFileReference; fileEncoding = 4; lastKnownFileType = sourcecode.swift; path = ReviewViewDataSource.swift; sourceTree = "<group>"; };
		7A33990D1F1715C7009B07AA /* FriendPaymentDetailViewModel.swift */ = {isa = PBXFileReference; fileEncoding = 4; lastKnownFileType = sourcecode.swift; path = FriendPaymentDetailViewModel.swift; sourceTree = "<group>"; };
		7A33990F1F1733CC009B07AA /* Helper.swift */ = {isa = PBXFileReference; fileEncoding = 4; lastKnownFileType = sourcecode.swift; path = Helper.swift; sourceTree = "<group>"; };
		7A3DACB41F16787500A2AB14 /* FriendItemsTableViewCell.swift */ = {isa = PBXFileReference; fileEncoding = 4; lastKnownFileType = sourcecode.swift; path = FriendItemsTableViewCell.swift; sourceTree = "<group>"; };
		7A3DACB61F16790100A2AB14 /* ReviewViewController.swift */ = {isa = PBXFileReference; fileEncoding = 4; lastKnownFileType = sourcecode.swift; path = ReviewViewController.swift; sourceTree = "<group>"; };
		7ACA11971EF76700007ED13D /* ActivityDataSource.swift */ = {isa = PBXFileReference; fileEncoding = 4; lastKnownFileType = sourcecode.swift; path = ActivityDataSource.swift; sourceTree = "<group>"; };
		7ACA11991EF76763007ED13D /* ActivityViewModel.swift */ = {isa = PBXFileReference; fileEncoding = 4; lastKnownFileType = sourcecode.swift; path = ActivityViewModel.swift; sourceTree = "<group>"; };
		7ACA119C1EF7678C007ED13D /* Activity.swift */ = {isa = PBXFileReference; fileEncoding = 4; lastKnownFileType = sourcecode.swift; path = Activity.swift; sourceTree = "<group>"; };
		7ACA119E1EF78833007ED13D /* Person.swift */ = {isa = PBXFileReference; fileEncoding = 4; lastKnownFileType = sourcecode.swift; path = Person.swift; sourceTree = "<group>"; };
		CE06EA741EFF82D20051D8D8 /* AddRecipientsViewController.swift */ = {isa = PBXFileReference; fileEncoding = 4; lastKnownFileType = sourcecode.swift; path = AddRecipientsViewController.swift; sourceTree = "<group>"; };
		CE06EA761EFF8B5D0051D8D8 /* AddRecipientsDataSourceDelegate.swift */ = {isa = PBXFileReference; fileEncoding = 4; lastKnownFileType = sourcecode.swift; path = AddRecipientsDataSourceDelegate.swift; sourceTree = "<group>"; };
		CE06EA781EFF8C860051D8D8 /* FriendTableCell.swift */ = {isa = PBXFileReference; fileEncoding = 4; lastKnownFileType = sourcecode.swift; path = FriendTableCell.swift; sourceTree = "<group>"; };
		CE06EA7A1EFF8F760051D8D8 /* AddRecipientsViewModel.swift */ = {isa = PBXFileReference; fileEncoding = 4; lastKnownFileType = sourcecode.swift; path = AddRecipientsViewModel.swift; sourceTree = "<group>"; };
		CE06EA7C1F002DFB0051D8D8 /* TakePhotoViewController.swift */ = {isa = PBXFileReference; fileEncoding = 4; lastKnownFileType = sourcecode.swift; path = TakePhotoViewController.swift; sourceTree = "<group>"; };
		CE1D5F9E1F09AB540074AE0C /* ItemFriendBindingViewController.swift */ = {isa = PBXFileReference; fileEncoding = 4; lastKnownFileType = sourcecode.swift; path = ItemFriendBindingViewController.swift; sourceTree = "<group>"; };
		CE1D5FA01F09AB980074AE0C /* ItemFriendBindingDataSourceDelegate.swift */ = {isa = PBXFileReference; fileEncoding = 4; lastKnownFileType = sourcecode.swift; path = ItemFriendBindingDataSourceDelegate.swift; sourceTree = "<group>"; };
		CE1D5FA41F09AC680074AE0C /* ReceiptViewModel.swift */ = {isa = PBXFileReference; fileEncoding = 4; lastKnownFileType = sourcecode.swift; path = ReceiptViewModel.swift; sourceTree = "<group>"; };
		CE1D5FA61F09BD060074AE0C /* Receipt.swift */ = {isa = PBXFileReference; fileEncoding = 4; lastKnownFileType = sourcecode.swift; path = Receipt.swift; sourceTree = "<group>"; };
		CEACC7A91F0B06BB00D34C06 /* ItemTableViewCell.swift */ = {isa = PBXFileReference; fileEncoding = 4; lastKnownFileType = sourcecode.swift; path = ItemTableViewCell.swift; sourceTree = "<group>"; };
		CEC651151EFF6E0A00161D23 /* ActivityTableCell.swift */ = {isa = PBXFileReference; fileEncoding = 4; lastKnownFileType = sourcecode.swift; path = ActivityTableCell.swift; sourceTree = "<group>"; };
		CED8DB911F0C35B10089542E /* FriendCollectionViewCell.swift */ = {isa = PBXFileReference; fileEncoding = 4; lastKnownFileType = sourcecode.swift; path = FriendCollectionViewCell.swift; sourceTree = "<group>"; };
/* End PBXFileReference section */

/* Begin PBXFrameworksBuildPhase section */
		7A01AF221EF733D200AC701C /* Frameworks */ = {
			isa = PBXFrameworksBuildPhase;
			buildActionMask = 2147483647;
			files = (
			);
			runOnlyForDeploymentPostprocessing = 0;
		};
/* End PBXFrameworksBuildPhase section */

/* Begin PBXGroup section */
		7A01AF1C1EF733D200AC701C = {
			isa = PBXGroup;
			children = (
				7A01AF271EF733D200AC701C /* DineOut */,
				7A01AF261EF733D200AC701C /* Products */,
			);
			sourceTree = "<group>";
		};
		7A01AF261EF733D200AC701C /* Products */ = {
			isa = PBXGroup;
			children = (
				7A01AF251EF733D200AC701C /* DineOut.app */,
			);
			name = Products;
			sourceTree = "<group>";
		};
		7A01AF271EF733D200AC701C /* DineOut */ = {
			isa = PBXGroup;
			children = (
				7A01AF281EF733D200AC701C /* AppDelegate.swift */,
				7ACA119B1EF7677B007ED13D /* Models */,
				7ACA112A1EF76476007ED13D /* ViewModels */,
				CE06EA731EFF82B50051D8D8 /* ViewControllers */,
				CEC651141EFF6DED00161D23 /* Cells */,
				7ACA11281EF76454007ED13D /* DataSources */,
				7A01AF2C1EF733D200AC701C /* Main.storyboard */,
				7A01AF2F1EF733D200AC701C /* Assets.xcassets */,
				7A01AF311EF733D200AC701C /* LaunchScreen.storyboard */,
				7A01AF341EF733D200AC701C /* Info.plist */,
				7A33990F1F1733CC009B07AA /* Helper.swift */,
			);
			path = DineOut;
			sourceTree = "<group>";
		};
		7ACA11281EF76454007ED13D /* DataSources */ = {
			isa = PBXGroup;
			children = (
				7ACA11971EF76700007ED13D /* ActivityDataSource.swift */,
				CE06EA761EFF8B5D0051D8D8 /* AddRecipientsDataSourceDelegate.swift */,
				CE1D5FA01F09AB980074AE0C /* ItemFriendBindingDataSourceDelegate.swift */,
				7A33990B1F170E93009B07AA /* ReviewViewDataSource.swift */,
			);
			name = DataSources;
			sourceTree = "<group>";
		};
		7ACA112A1EF76476007ED13D /* ViewModels */ = {
			isa = PBXGroup;
			children = (
				7ACA11991EF76763007ED13D /* ActivityViewModel.swift */,
				CE06EA7A1EFF8F760051D8D8 /* AddRecipientsViewModel.swift */,
				CE1D5FA41F09AC680074AE0C /* ReceiptViewModel.swift */,
				7A33990D1F1715C7009B07AA /* FriendPaymentDetailViewModel.swift */,
			);
			name = ViewModels;
			sourceTree = "<group>";
		};
		7ACA119B1EF7677B007ED13D /* Models */ = {
			isa = PBXGroup;
			children = (
				7ACA119C1EF7678C007ED13D /* Activity.swift */,
				7ACA119E1EF78833007ED13D /* Person.swift */,
				CE1D5FA61F09BD060074AE0C /* Receipt.swift */,
			);
			name = Models;
			sourceTree = "<group>";
		};
		CE06EA731EFF82B50051D8D8 /* ViewControllers */ = {
			isa = PBXGroup;
			children = (
				7A01AF2A1EF733D200AC701C /* ActivityViewController.swift */,
				CE06EA741EFF82D20051D8D8 /* AddRecipientsViewController.swift */,
				CE06EA7C1F002DFB0051D8D8 /* TakePhotoViewController.swift */,
				CE1D5F9E1F09AB540074AE0C /* ItemFriendBindingViewController.swift */,
				7A3DACB61F16790100A2AB14 /* ReviewViewController.swift */,
			);
			name = ViewControllers;
			sourceTree = "<group>";
		};
		CEC651141EFF6DED00161D23 /* Cells */ = {
			isa = PBXGroup;
			children = (
				CEC651151EFF6E0A00161D23 /* ActivityTableCell.swift */,
				CE06EA781EFF8C860051D8D8 /* FriendTableCell.swift */,
				CED8DB911F0C35B10089542E /* FriendCollectionViewCell.swift */,
				CEACC7A91F0B06BB00D34C06 /* ItemTableViewCell.swift */,
				7A3DACB41F16787500A2AB14 /* FriendItemsTableViewCell.swift */,
			);
			name = Cells;
			sourceTree = "<group>";
		};
/* End PBXGroup section */

/* Begin PBXNativeTarget section */
		7A01AF241EF733D200AC701C /* DineOut */ = {
			isa = PBXNativeTarget;
			buildConfigurationList = 7A01AF371EF733D200AC701C /* Build configuration list for PBXNativeTarget "DineOut" */;
			buildPhases = (
				7A01AF211EF733D200AC701C /* Sources */,
				7A01AF221EF733D200AC701C /* Frameworks */,
				7A01AF231EF733D200AC701C /* Resources */,
			);
			buildRules = (
			);
			dependencies = (
			);
			name = DineOut;
			productName = DineOut;
			productReference = 7A01AF251EF733D200AC701C /* DineOut.app */;
			productType = "com.apple.product-type.application";
		};
/* End PBXNativeTarget section */

/* Begin PBXProject section */
		7A01AF1D1EF733D200AC701C /* Project object */ = {
			isa = PBXProject;
			attributes = {
				LastSwiftUpdateCheck = 0830;
				LastUpgradeCheck = 0830;
				ORGANIZATIONNAME = "Zhang, Xiaolong";
				TargetAttributes = {
					7A01AF241EF733D200AC701C = {
						CreatedOnToolsVersion = 8.3.3;
						DevelopmentTeam = 3VM8YHF38X;
						ProvisioningStyle = Automatic;
					};
				};
			};
			buildConfigurationList = 7A01AF201EF733D200AC701C /* Build configuration list for PBXProject "DineOut" */;
			compatibilityVersion = "Xcode 3.2";
			developmentRegion = English;
			hasScannedForEncodings = 0;
			knownRegions = (
				English,
				en,
				Base,
			);
			mainGroup = 7A01AF1C1EF733D200AC701C;
			productRefGroup = 7A01AF261EF733D200AC701C /* Products */;
			projectDirPath = "";
			projectRoot = "";
			targets = (
				7A01AF241EF733D200AC701C /* DineOut */,
			);
		};
/* End PBXProject section */

/* Begin PBXResourcesBuildPhase section */
		7A01AF231EF733D200AC701C /* Resources */ = {
			isa = PBXResourcesBuildPhase;
			buildActionMask = 2147483647;
			files = (
				7A01AF331EF733D200AC701C /* LaunchScreen.storyboard in Resources */,
				7A01AF301EF733D200AC701C /* Assets.xcassets in Resources */,
				7A01AF2E1EF733D200AC701C /* Main.storyboard in Resources */,
			);
			runOnlyForDeploymentPostprocessing = 0;
		};
/* End PBXResourcesBuildPhase section */

/* Begin PBXSourcesBuildPhase section */
		7A01AF211EF733D200AC701C /* Sources */ = {
			isa = PBXSourcesBuildPhase;
			buildActionMask = 2147483647;
			files = (
				CED8DB921F0C35B10089542E /* FriendCollectionViewCell.swift in Sources */,
				CE1D5FA51F09AC680074AE0C /* ReceiptViewModel.swift in Sources */,
				7A3DACB71F16790100A2AB14 /* ReviewViewController.swift in Sources */,
				CE1D5F9F1F09AB540074AE0C /* ItemFriendBindingViewController.swift in Sources */,
				7ACA119F1EF78833007ED13D /* Person.swift in Sources */,
				CE1D5FA11F09AB980074AE0C /* ItemFriendBindingDataSourceDelegate.swift in Sources */,
				CE1D5FA71F09BD060074AE0C /* Receipt.swift in Sources */,
				7ACA119D1EF7678C007ED13D /* Activity.swift in Sources */,
				7A33990E1F1715C7009B07AA /* FriendPaymentDetailViewModel.swift in Sources */,
				CE06EA7B1EFF8F760051D8D8 /* AddRecipientsViewModel.swift in Sources */,
				7A01AF2B1EF733D200AC701C /* ActivityViewController.swift in Sources */,
				CEC651161EFF6E0A00161D23 /* ActivityTableCell.swift in Sources */,
				7A01AF291EF733D200AC701C /* AppDelegate.swift in Sources */,
				CE06EA771EFF8B5D0051D8D8 /* AddRecipientsDataSourceDelegate.swift in Sources */,
				7A3DACB51F16787500A2AB14 /* FriendItemsTableViewCell.swift in Sources */,
				CE06EA791EFF8C860051D8D8 /* FriendTableCell.swift in Sources */,
				7ACA11981EF76700007ED13D /* ActivityDataSource.swift in Sources */,
				CE06EA751EFF82D20051D8D8 /* AddRecipientsViewController.swift in Sources */,
				CE06EA7D1F002DFB0051D8D8 /* TakePhotoViewController.swift in Sources */,
				7A33990C1F170E93009B07AA /* ReviewViewDataSource.swift in Sources */,
				7A3399101F1733CC009B07AA /* Helper.swift in Sources */,
				CEACC7AA1F0B06BB00D34C06 /* ItemTableViewCell.swift in Sources */,
				7ACA119A1EF76763007ED13D /* ActivityViewModel.swift in Sources */,
			);
			runOnlyForDeploymentPostprocessing = 0;
		};
/* End PBXSourcesBuildPhase section */

/* Begin PBXVariantGroup section */
		7A01AF2C1EF733D200AC701C /* Main.storyboard */ = {
			isa = PBXVariantGroup;
			children = (
				7A01AF2D1EF733D200AC701C /* Base */,
			);
			name = Main.storyboard;
			sourceTree = "<group>";
		};
		7A01AF311EF733D200AC701C /* LaunchScreen.storyboard */ = {
			isa = PBXVariantGroup;
			children = (
				7A01AF321EF733D200AC701C /* Base */,
			);
			name = LaunchScreen.storyboard;
			sourceTree = "<group>";
		};
/* End PBXVariantGroup section */

/* Begin XCBuildConfiguration section */
		7A01AF351EF733D200AC701C /* Debug */ = {
			isa = XCBuildConfiguration;
			buildSettings = {
				ALWAYS_SEARCH_USER_PATHS = NO;
				CLANG_ANALYZER_NONNULL = YES;
				CLANG_ANALYZER_NUMBER_OBJECT_CONVERSION = YES_AGGRESSIVE;
				CLANG_CXX_LANGUAGE_STANDARD = "gnu++0x";
				CLANG_CXX_LIBRARY = "libc++";
				CLANG_ENABLE_MODULES = YES;
				CLANG_ENABLE_OBJC_ARC = YES;
				CLANG_WARN_BOOL_CONVERSION = YES;
				CLANG_WARN_CONSTANT_CONVERSION = YES;
				CLANG_WARN_DIRECT_OBJC_ISA_USAGE = YES_ERROR;
				CLANG_WARN_DOCUMENTATION_COMMENTS = YES;
				CLANG_WARN_EMPTY_BODY = YES;
				CLANG_WARN_ENUM_CONVERSION = YES;
				CLANG_WARN_INFINITE_RECURSION = YES;
				CLANG_WARN_INT_CONVERSION = YES;
				CLANG_WARN_OBJC_ROOT_CLASS = YES_ERROR;
				CLANG_WARN_SUSPICIOUS_MOVE = YES;
				CLANG_WARN_UNREACHABLE_CODE = YES;
				CLANG_WARN__DUPLICATE_METHOD_MATCH = YES;
				"CODE_SIGN_IDENTITY[sdk=iphoneos*]" = "iPhone Developer";
				COPY_PHASE_STRIP = NO;
				DEBUG_INFORMATION_FORMAT = dwarf;
				ENABLE_STRICT_OBJC_MSGSEND = YES;
				ENABLE_TESTABILITY = YES;
				GCC_C_LANGUAGE_STANDARD = gnu99;
				GCC_DYNAMIC_NO_PIC = NO;
				GCC_NO_COMMON_BLOCKS = YES;
				GCC_OPTIMIZATION_LEVEL = 0;
				GCC_PREPROCESSOR_DEFINITIONS = (
					"DEBUG=1",
					"$(inherited)",
				);
				GCC_WARN_64_TO_32_BIT_CONVERSION = YES;
				GCC_WARN_ABOUT_RETURN_TYPE = YES_ERROR;
				GCC_WARN_UNDECLARED_SELECTOR = YES;
				GCC_WARN_UNINITIALIZED_AUTOS = YES_AGGRESSIVE;
				GCC_WARN_UNUSED_FUNCTION = YES;
				GCC_WARN_UNUSED_VARIABLE = YES;
				IPHONEOS_DEPLOYMENT_TARGET = 12.2;
				MTL_ENABLE_DEBUG_INFO = YES;
				ONLY_ACTIVE_ARCH = YES;
				SDKROOT = iphoneos;
				SWIFT_ACTIVE_COMPILATION_CONDITIONS = DEBUG;
				SWIFT_OPTIMIZATION_LEVEL = "-Onone";
				SWIFT_VERSION = 5.0;
			};
			name = Debug;
		};
		7A01AF361EF733D200AC701C /* Release */ = {
			isa = XCBuildConfiguration;
			buildSettings = {
				ALWAYS_SEARCH_USER_PATHS = NO;
				CLANG_ANALYZER_NONNULL = YES;
				CLANG_ANALYZER_NUMBER_OBJECT_CONVERSION = YES_AGGRESSIVE;
				CLANG_CXX_LANGUAGE_STANDARD = "gnu++0x";
				CLANG_CXX_LIBRARY = "libc++";
				CLANG_ENABLE_MODULES = YES;
				CLANG_ENABLE_OBJC_ARC = YES;
				CLANG_WARN_BOOL_CONVERSION = YES;
				CLANG_WARN_CONSTANT_CONVERSION = YES;
				CLANG_WARN_DIRECT_OBJC_ISA_USAGE = YES_ERROR;
				CLANG_WARN_DOCUMENTATION_COMMENTS = YES;
				CLANG_WARN_EMPTY_BODY = YES;
				CLANG_WARN_ENUM_CONVERSION = YES;
				CLANG_WARN_INFINITE_RECURSION = YES;
				CLANG_WARN_INT_CONVERSION = YES;
				CLANG_WARN_OBJC_ROOT_CLASS = YES_ERROR;
				CLANG_WARN_SUSPICIOUS_MOVE = YES;
				CLANG_WARN_UNREACHABLE_CODE = YES;
				CLANG_WARN__DUPLICATE_METHOD_MATCH = YES;
				"CODE_SIGN_IDENTITY[sdk=iphoneos*]" = "iPhone Developer";
				COPY_PHASE_STRIP = NO;
				DEBUG_INFORMATION_FORMAT = "dwarf-with-dsym";
				ENABLE_NS_ASSERTIONS = NO;
				ENABLE_STRICT_OBJC_MSGSEND = YES;
				GCC_C_LANGUAGE_STANDARD = gnu99;
				GCC_NO_COMMON_BLOCKS = YES;
				GCC_WARN_64_TO_32_BIT_CONVERSION = YES;
				GCC_WARN_ABOUT_RETURN_TYPE = YES_ERROR;
				GCC_WARN_UNDECLARED_SELECTOR = YES;
				GCC_WARN_UNINITIALIZED_AUTOS = YES_AGGRESSIVE;
				GCC_WARN_UNUSED_FUNCTION = YES;
				GCC_WARN_UNUSED_VARIABLE = YES;
				IPHONEOS_DEPLOYMENT_TARGET = 12.2;
				MTL_ENABLE_DEBUG_INFO = NO;
				SDKROOT = iphoneos;
				SWIFT_OPTIMIZATION_LEVEL = "-Owholemodule";
				SWIFT_VERSION = 5.0;
				VALIDATE_PRODUCT = YES;
			};
			name = Release;
		};
		7A01AF381EF733D200AC701C /* Debug */ = {
			isa = XCBuildConfiguration;
			buildSettings = {
				ASSETCATALOG_COMPILER_APPICON_NAME = AppIcon;
				DEVELOPMENT_TEAM = 3VM8YHF38X;
				INFOPLIST_FILE = DineOut/Info.plist;
				LD_RUNPATH_SEARCH_PATHS = "$(inherited) @executable_path/Frameworks";
				PRODUCT_BUNDLE_IDENTIFIER = com.xiaolozhang.DineOut;
				PRODUCT_NAME = "$(TARGET_NAME)";
				SWIFT_VERSION = 5.0;
			};
			name = Debug;
		};
		7A01AF391EF733D200AC701C /* Release */ = {
			isa = XCBuildConfiguration;
			buildSettings = {
				ASSETCATALOG_COMPILER_APPICON_NAME = AppIcon;
				DEVELOPMENT_TEAM = 3VM8YHF38X;
				INFOPLIST_FILE = DineOut/Info.plist;
				LD_RUNPATH_SEARCH_PATHS = "$(inherited) @executable_path/Frameworks";
				PRODUCT_BUNDLE_IDENTIFIER = com.xiaolozhang.DineOut;
				PRODUCT_NAME = "$(TARGET_NAME)";
				SWIFT_VERSION = 5.0;
			};
			name = Release;
		};
/* End XCBuildConfiguration section */

/* Begin XCConfigurationList section */
		7A01AF201EF733D200AC701C /* Build configuration list for PBXProject "DineOut" */ = {
			isa = XCConfigurationList;
			buildConfigurations = (
				7A01AF351EF733D200AC701C /* Debug */,
				7A01AF361EF733D200AC701C /* Release */,
			);
			defaultConfigurationIsVisible = 0;
			defaultConfigurationName = Release;
		};
		7A01AF371EF733D200AC701C /* Build configuration list for PBXNativeTarget "DineOut" */ = {
			isa = XCConfigurationList;
			buildConfigurations = (
				7A01AF381EF733D200AC701C /* Debug */,
				7A01AF391EF733D200AC701C /* Release */,
			);
			defaultConfigurationIsVisible = 0;
			defaultConfigurationName = Release;
		};
/* End XCConfigurationList section */
	};
	rootObject = 7A01AF1D1EF733D200AC701C /* Project object */;
}
